
Microsoft Visual Studio Solution File, Format Version 12.00
# Visual Studio Version 16
VisualStudioVersion = 16.0.29409.12
MinimumVisualStudioVersion = 10.0.40219.1
Project("{FAE04EC0-301F-11D3-BF4B-00C04F79EFBC}") = "Okane.Core", "Okane.Core\Okane.Core.csproj", "{6F7F4CCC-C69E-4CD2-B6DD-EEEEA592D33C}"
EndProject
Project("{FAE04EC0-301F-11D3-BF4B-00C04F79EFBC}") = "Okane.Core.Tests", "Okane.Core.Tests\Okane.Core.Tests.csproj", "{737E0926-6750-4328-9FD8-F1B15627245C}"
EndProject
Global
	GlobalSection(SolutionConfigurationPlatforms) = preSolution
		Debug|Any CPU = Debug|Any CPU
		Release|Any CPU = Release|Any CPU
	EndGlobalSection
	GlobalSection(ProjectConfigurationPlatforms) = postSolution
		{6F7F4CCC-C69E-4CD2-B6DD-EEEEA592D33C}.Debug|Any CPU.ActiveCfg = Debug|Any CPU
		{6F7F4CCC-C69E-4CD2-B6DD-EEEEA592D33C}.Debug|Any CPU.Build.0 = Debug|Any CPU
		{6F7F4CCC-C69E-4CD2-B6DD-EEEEA592D33C}.Release|Any CPU.ActiveCfg = Release|Any CPU
		{6F7F4CCC-C69E-4CD2-B6DD-EEEEA592D33C}.Release|Any CPU.Build.0 = Release|Any CPU
		{737E0926-6750-4328-9FD8-F1B15627245C}.Debug|Any CPU.ActiveCfg = Debug|Any CPU
		{737E0926-6750-4328-9FD8-F1B15627245C}.Debug|Any CPU.Build.0 = Debug|Any CPU
		{737E0926-6750-4328-9FD8-F1B15627245C}.Release|Any CPU.ActiveCfg = Release|Any CPU
		{737E0926-6750-4328-9FD8-F1B15627245C}.Release|Any CPU.Build.0 = Release|Any CPU
	EndGlobalSection
	GlobalSection(SolutionProperties) = preSolution
		HideSolutionNode = FALSE
	EndGlobalSection
	GlobalSection(ExtensibilityGlobals) = postSolution
		SolutionGuid = {3D073E5A-43A1-4B83-BDAE-757C3AE83FB3}
	EndGlobalSection
EndGlobal
