
Microsoft Visual Studio Solution File, Format Version 12.00
# Visual Studio Version 17
VisualStudioVersion = 17.0.31903.59
MinimumVisualStudioVersion = 10.0.40219.1
Project("{FAE04EC0-301F-11D3-BF4B-00C04F79EFBC}") = "Okane.Tests", "Okane.Tests\Okane.Tests.csproj", "{45AB8184-5179-4C57-A68D-2EE90D4C0760}"
EndProject
Project("{FAE04EC0-301F-11D3-BF4B-00C04F79EFBC}") = "Okane.Core", "Okane.Core\Okane.Core.csproj", "{79B95AA8-9786-4ADE-81EB-65D67527CB9B}"
EndProject
Project("{FAE04EC0-301F-11D3-BF4B-00C04F79EFBC}") = "Okane.WebApi", "Okane.WebApi\Okane.WebApi.csproj", "{78622A81-340E-4A62-B15A-B1CC5F2C9303}"
EndProject
Global
	GlobalSection(SolutionConfigurationPlatforms) = preSolution
		Debug|Any CPU = Debug|Any CPU
		Release|Any CPU = Release|Any CPU
	EndGlobalSection
	GlobalSection(SolutionProperties) = preSolution
		HideSolutionNode = FALSE
	EndGlobalSection
	GlobalSection(ProjectConfigurationPlatforms) = postSolution
		{45AB8184-5179-4C57-A68D-2EE90D4C0760}.Debug|Any CPU.ActiveCfg = Debug|Any CPU
		{45AB8184-5179-4C57-A68D-2EE90D4C0760}.Debug|Any CPU.Build.0 = Debug|Any CPU
		{45AB8184-5179-4C57-A68D-2EE90D4C0760}.Release|Any CPU.ActiveCfg = Release|Any CPU
		{45AB8184-5179-4C57-A68D-2EE90D4C0760}.Release|Any CPU.Build.0 = Release|Any CPU
		{79B95AA8-9786-4ADE-81EB-65D67527CB9B}.Debug|Any CPU.ActiveCfg = Debug|Any CPU
		{79B95AA8-9786-4ADE-81EB-65D67527CB9B}.Debug|Any CPU.Build.0 = Debug|Any CPU
		{79B95AA8-9786-4ADE-81EB-65D67527CB9B}.Release|Any CPU.ActiveCfg = Release|Any CPU
		{79B95AA8-9786-4ADE-81EB-65D67527CB9B}.Release|Any CPU.Build.0 = Release|Any CPU
		{78622A81-340E-4A62-B15A-B1CC5F2C9303}.Debug|Any CPU.ActiveCfg = Debug|Any CPU
		{78622A81-340E-4A62-B15A-B1CC5F2C9303}.Debug|Any CPU.Build.0 = Debug|Any CPU
		{78622A81-340E-4A62-B15A-B1CC5F2C9303}.Release|Any CPU.ActiveCfg = Release|Any CPU
		{78622A81-340E-4A62-B15A-B1CC5F2C9303}.Release|Any CPU.Build.0 = Release|Any CPU
	EndGlobalSection
EndGlobal
